
Microsoft Visual Studio Solution File, Format Version 12.00
# Visual Studio 2013
VisualStudioVersion = 12.0.40629.0
MinimumVisualStudioVersion = 10.0.40219.1
Project("{8BC9CEB8-8B4A-11D0-8D11-00A0C91BC942}") = "ManosTijeras", "ManosTijeras\ManosTijeras.vcxproj", "{ECF0DAB1-87BF-4C3B-AFA1-C8F8EFDB8A09}"
EndProject
Global
	GlobalSection(SolutionConfigurationPlatforms) = preSolution
		Debug|Win32 = Debug|Win32
		Release|Win32 = Release|Win32
	EndGlobalSection
	GlobalSection(ProjectConfigurationPlatforms) = postSolution
		{ECF0DAB1-87BF-4C3B-AFA1-C8F8EFDB8A09}.Debug|Win32.ActiveCfg = Debug|Win32
		{ECF0DAB1-87BF-4C3B-AFA1-C8F8EFDB8A09}.Debug|Win32.Build.0 = Debug|Win32
		{ECF0DAB1-87BF-4C3B-AFA1-C8F8EFDB8A09}.Release|Win32.ActiveCfg = Release|Win32
		{ECF0DAB1-87BF-4C3B-AFA1-C8F8EFDB8A09}.Release|Win32.Build.0 = Release|Win32
	EndGlobalSection
	GlobalSection(SolutionProperties) = preSolution
		HideSolutionNode = FALSE
	EndGlobalSection
EndGlobal
